{
  "name": "task_bucket",
  "lockfileVersion": 3,
  "requires": true,
  "packages": {
    "": {
      "dependencies": {
        "react-lucid": "^0.0.1"
      }
    },
    "node_modules/react-lucid": {
      "version": "0.0.1",
      "resolved": "https://registry.npmjs.org/react-lucid/-/react-lucid-0.0.1.tgz",
      "integrity": "sha512-jKHM4gOvI0cPPCZJM5L8tBpjUd2bT4Kd0M/TpIFe1iGbLyE33zTxS7+Oyzg5vvkni0llUfRum2Bi5IN6365M6w==",
      "license": "MIT"
    }
  }
}
